{
  "name": "crm-django",
  "lockfileVersion": 2,
  "requires": true,
  "packages": {
    "": {
      "dependencies": {
        "uploadcare-widget": "^3.17.2"
      }
    },
    "node_modules/escape-html": {
      "version": "1.0.3",
      "resolved": "https://registry.npmjs.org/escape-html/-/escape-html-1.0.3.tgz",
      "integrity": "sha512-NiSupZ4OeuGwr68lGIeym/ksIZMJodUGOSCZ/FSnTxcrekbvqrgdUxlJOMpijaKZVjAJrWrGs/6Jy8OMuyj9ow=="
    },
    "node_modules/jquery": {
      "version": "3.6.0",
      "resolved": "https://registry.npmjs.org/jquery/-/jquery-3.6.0.tgz",
      "integrity": "sha512-JVzAR/AjBvVt2BmYhxRCSYysDsPcssdmTFnzyLEts9qNwmjmu4JTAMYubEfwVOSwpQ1I1sKKFcxhZCI2buerfw=="
    },
    "node_modules/uploadcare-widget": {
      "version": "3.17.2",
      "resolved": "https://registry.npmjs.org/uploadcare-widget/-/uploadcare-widget-3.17.2.tgz",
      "integrity": "sha512-A9fDKCguevWcFaMCrHROtYzwnMZbOozER6Dru+4zrZH1pP0S7zI/g+7wLv+5U4XZTc5m+4ZrwHrZJzkIRnWeMQ==",
      "dependencies": {
        "escape-html": "^1.0.3",
        "jquery": "^3.6.0"
      }
    }
  },
  "dependencies": {
    "escape-html": {
      "version": "1.0.3",
      "resolved": "https://registry.npmjs.org/escape-html/-/escape-html-1.0.3.tgz",
      "integrity": "sha512-NiSupZ4OeuGwr68lGIeym/ksIZMJodUGOSCZ/FSnTxcrekbvqrgdUxlJOMpijaKZVjAJrWrGs/6Jy8OMuyj9ow=="
    },
    "jquery": {
      "version": "3.6.0",
      "resolved": "https://registry.npmjs.org/jquery/-/jquery-3.6.0.tgz",
      "integrity": "sha512-JVzAR/AjBvVt2BmYhxRCSYysDsPcssdmTFnzyLEts9qNwmjmu4JTAMYubEfwVOSwpQ1I1sKKFcxhZCI2buerfw=="
    },
    "uploadcare-widget": {
      "version": "3.17.2",
      "resolved": "https://registry.npmjs.org/uploadcare-widget/-/uploadcare-widget-3.17.2.tgz",
      "integrity": "sha512-A9fDKCguevWcFaMCrHROtYzwnMZbOozER6Dru+4zrZH1pP0S7zI/g+7wLv+5U4XZTc5m+4ZrwHrZJzkIRnWeMQ==",
      "requires": {
        "escape-html": "^1.0.3",
        "jquery": "^3.6.0"
      }
    }
  }
}
